
Microsoft Visual Studio Solution File, Format Version 12.00
# Visual Studio Version 16
VisualStudioVersion = 16.0.32228.343
MinimumVisualStudioVersion = 10.0.40219.1
Project("{FAE04EC0-301F-11D3-BF4B-00C04F79EFBC}") = "Jamiyah_Web_Integration", "Jamiyah_Web_Integration\Jamiyah_Web_Integration.csproj", "{3CC738D3-2A5C-4791-9179-9C2EDFC2A2B9}"
EndProject
Global
	GlobalSection(SolutionConfigurationPlatforms) = preSolution
		Debug|Any CPU = Debug|Any CPU
		Release|Any CPU = Release|Any CPU
	EndGlobalSection
	GlobalSection(ProjectConfigurationPlatforms) = postSolution
		{3CC738D3-2A5C-4791-9179-9C2EDFC2A2B9}.Debug|Any CPU.ActiveCfg = Debug|Any CPU
		{3CC738D3-2A5C-4791-9179-9C2EDFC2A2B9}.Debug|Any CPU.Build.0 = Debug|Any CPU
		{3CC738D3-2A5C-4791-9179-9C2EDFC2A2B9}.Release|Any CPU.ActiveCfg = Release|Any CPU
		{3CC738D3-2A5C-4791-9179-9C2EDFC2A2B9}.Release|Any CPU.Build.0 = Release|Any CPU
	EndGlobalSection
	GlobalSection(SolutionProperties) = preSolution
		HideSolutionNode = FALSE
	EndGlobalSection
	GlobalSection(ExtensibilityGlobals) = postSolution
		SolutionGuid = {B862DD58-F05F-44C1-8166-099EC6DC6CEF}
	EndGlobalSection
EndGlobal
